
Microsoft Visual Studio Solution File, Format Version 12.00
# Visual Studio Version 16
VisualStudioVersion = 16.0.29806.167
MinimumVisualStudioVersion = 10.0.40219.1
Project("{FAE04EC0-301F-11D3-BF4B-00C04F79EFBC}") = "MvcPrestadores.Services", "MvcPrestadores.Services\MvcPrestadores.Services.csproj", "{1B068D98-CF45-421E-B937-AD8F1554AA46}"
EndProject
Project("{FAE04EC0-301F-11D3-BF4B-00C04F79EFBC}") = "MvcPrestadores.Entity", "MvcPrestadores.Entity\MvcPrestadores.Entity.csproj", "{9CF55FBC-CEB6-4FAC-A3E4-98589599F0E8}"
EndProject
Project("{FAE04EC0-301F-11D3-BF4B-00C04F79EFBC}") = "MvcPrestadores.Web", "MvcPrestadores.Web\MvcPrestadores.Web.csproj", "{887582BC-9BC5-4BEB-BD01-6A527C13BDAB}"
EndProject
Project("{FAE04EC0-301F-11D3-BF4B-00C04F79EFBC}") = "Utilidades", "Utilidades\Utilidades.csproj", "{917E7623-4471-4C93-8733-E5F5D513ACF9}"
EndProject
Global
	GlobalSection(SolutionConfigurationPlatforms) = preSolution
		Debug|Any CPU = Debug|Any CPU
		Release|Any CPU = Release|Any CPU
	EndGlobalSection
	GlobalSection(ProjectConfigurationPlatforms) = postSolution
		{1B068D98-CF45-421E-B937-AD8F1554AA46}.Debug|Any CPU.ActiveCfg = Debug|Any CPU
		{1B068D98-CF45-421E-B937-AD8F1554AA46}.Debug|Any CPU.Build.0 = Debug|Any CPU
		{1B068D98-CF45-421E-B937-AD8F1554AA46}.Release|Any CPU.ActiveCfg = Release|Any CPU
		{1B068D98-CF45-421E-B937-AD8F1554AA46}.Release|Any CPU.Build.0 = Release|Any CPU
		{9CF55FBC-CEB6-4FAC-A3E4-98589599F0E8}.Debug|Any CPU.ActiveCfg = Debug|Any CPU
		{9CF55FBC-CEB6-4FAC-A3E4-98589599F0E8}.Debug|Any CPU.Build.0 = Debug|Any CPU
		{9CF55FBC-CEB6-4FAC-A3E4-98589599F0E8}.Release|Any CPU.ActiveCfg = Release|Any CPU
		{9CF55FBC-CEB6-4FAC-A3E4-98589599F0E8}.Release|Any CPU.Build.0 = Release|Any CPU
		{887582BC-9BC5-4BEB-BD01-6A527C13BDAB}.Debug|Any CPU.ActiveCfg = Debug|Any CPU
		{887582BC-9BC5-4BEB-BD01-6A527C13BDAB}.Debug|Any CPU.Build.0 = Debug|Any CPU
		{887582BC-9BC5-4BEB-BD01-6A527C13BDAB}.Release|Any CPU.ActiveCfg = Release|Any CPU
		{887582BC-9BC5-4BEB-BD01-6A527C13BDAB}.Release|Any CPU.Build.0 = Release|Any CPU
		{917E7623-4471-4C93-8733-E5F5D513ACF9}.Debug|Any CPU.ActiveCfg = Debug|Any CPU
		{917E7623-4471-4C93-8733-E5F5D513ACF9}.Debug|Any CPU.Build.0 = Debug|Any CPU
		{917E7623-4471-4C93-8733-E5F5D513ACF9}.Release|Any CPU.ActiveCfg = Release|Any CPU
		{917E7623-4471-4C93-8733-E5F5D513ACF9}.Release|Any CPU.Build.0 = Release|Any CPU
	EndGlobalSection
	GlobalSection(SolutionProperties) = preSolution
		HideSolutionNode = FALSE
	EndGlobalSection
	GlobalSection(ExtensibilityGlobals) = postSolution
		SolutionGuid = {CE725402-CB57-4587-B5EC-FC5B88567FF7}
	EndGlobalSection
EndGlobal
